{
  "name": "arc-lib",
  "version": "4.4.0",
  "lockfileVersion": 1,
  "requires": true,
  "dependencies": {
    "arc-array": {
      "version": "4.0.1",
      "resolved": "https://registry.npmjs.org/arc-array/-/arc-array-4.0.1.tgz",
      "integrity": "sha1-w2e/UvWg5dU2A9s6qqHka1dz6Lc=",
      "requires": {
        "arc-is": "1.0.5"
      }
    },
    "arc-check": {
      "version": "1.2.0",
      "resolved": "https://registry.npmjs.org/arc-check/-/arc-check-1.2.0.tgz",
      "integrity": "sha1-7r3lrc/0C5L2zZD3GV+yJiwQJN8=",
      "requires": {
        "arc-is": "1.0.5"
      }
    },
    "arc-date": {
      "version": "2.0.0",
      "resolved": "https://registry.npmjs.org/arc-date/-/arc-date-2.0.0.tgz",
      "integrity": "sha512-t/83uBZCGFx/XTQPYDNGwqjWr33GKbn5fdimm4TW0bq2FDQfN4c2vr3+/Zop0UTguo7IzgKoSj7LSi9jKk+VCQ==",
      "requires": {
        "arc-is": "^1.0.5"
      }
    },
    "arc-events": {
      "version": "2.0.0",
      "resolved": "https://registry.npmjs.org/arc-events/-/arc-events-2.0.0.tgz",
      "integrity": "sha1-cotNtBGalgr1Rhek7pvnWsWz4k0=",
      "requires": {
        "arc-array": "^4.0.1",
        "arc-is": "^1.0.5",
        "arc-object": "^2.0.0"
      }
    },
    "arc-hash": {
      "version": "1.0.1",
      "resolved": "https://registry.npmjs.org/arc-hash/-/arc-hash-1.0.1.tgz",
      "integrity": "sha1-pwMTofnIaH2eU59+AFkJuRwZXb8=",
      "requires": {
        "arc-is": "^1.0.5"
      }
    },
    "arc-is": {
      "version": "1.0.5",
      "resolved": "https://registry.npmjs.org/arc-is/-/arc-is-1.0.5.tgz",
      "integrity": "sha1-KTmXluakRmSMivrzsXQrZtG+iAU="
    },
    "arc-object": {
      "version": "2.1.0",
      "resolved": "https://registry.npmjs.org/arc-object/-/arc-object-2.1.0.tgz",
      "integrity": "sha1-JqpxJHkFWFkWST0bcPtSl2kosjo=",
      "requires": {
        "arc-array": "4.0.1",
        "arc-check": "1.2.0",
        "arc-is": "1.0.5",
        "deepcopy": "^0.6.3"
      }
    },
    "arc-reg-exp": {
      "version": "1.0.0",
      "resolved": "https://registry.npmjs.org/arc-reg-exp/-/arc-reg-exp-1.0.0.tgz",
      "integrity": "sha1-8lDGusV0vsHt6iRSfbTnIAC176A=",
      "requires": {
        "arc-is": "^1.0.5"
      }
    },
    "arc-router": {
      "version": "1.1.2",
      "resolved": "https://registry.npmjs.org/arc-router/-/arc-router-1.1.2.tgz",
      "integrity": "sha512-VvKeLvliIf1ixVvIAwwuo62kld8hlvAwQYM3B93tHfpdrLV7SczOhg9bUAYkgVX0TOd2o7Dw8ixNfevMABO8cQ==",
      "requires": {
        "arc-is": "^1.0.5",
        "arc-object": "^2.0.0",
        "arc-reg-exp": "^1.0.0"
      }
    },
    "deepcopy": {
      "version": "0.6.3",
      "resolved": "https://registry.npmjs.org/deepcopy/-/deepcopy-0.6.3.tgz",
      "integrity": "sha1-Y0eA8vhlardxr4+oQx7RzO5Vx7A="
    }
  }
}
