{
  "name": "arc-lib",
  "version": "8.0.0",
  "lockfileVersion": 2,
  "requires": true,
  "packages": {
    "": {
      "name": "arc-lib",
      "version": "8.0.0",
      "license": "Unlicense",
      "dependencies": {
        "arc-array": "^5.0.0",
        "arc-check": "^2.0.0",
        "arc-date": "^3.0.0",
        "arc-events": "^3.0.0",
        "arc-hash": "^3.0.0",
        "arc-is": "^2.0.0",
        "arc-object": "^4.0.0",
        "arc-reg-exp": "^2.0.0",
        "arc-router": "^3.0.0",
        "arc-scheduler": "^2.0.0"
      }
    },
    "node_modules/arc-array": {
      "version": "5.0.0",
      "resolved": "https://registry.npmjs.org/arc-array/-/arc-array-5.0.0.tgz",
      "integrity": "sha512-6ziTGEM7JHAk5M+JKgudyN1Yq+aNta2JtWMfIv9Yd1ER9hyrpNKBLs3M4XGWnADif3iJ2nH+HnPHXKt61Ty4iQ==",
      "dependencies": {
        "arc-is": "^2.0.0"
      }
    },
    "node_modules/arc-check": {
      "version": "2.0.0",
      "resolved": "https://registry.npmjs.org/arc-check/-/arc-check-2.0.0.tgz",
      "integrity": "sha512-GrNLA1b/mhxN/KIDF0praSgSeA/W+K3HHXMWkRdtMcfm0TQBPy6adDn7eClY9Jl9yG7KFcfgj0dmBik4wGeURA==",
      "dependencies": {
        "arc-is": "^2.0.0"
      }
    },
    "node_modules/arc-date": {
      "version": "3.0.0",
      "resolved": "https://registry.npmjs.org/arc-date/-/arc-date-3.0.0.tgz",
      "integrity": "sha512-aMTcZ0PPuFhF03bfa6BDsHB9xHnXDCd7Khgs8aJ5bbimGRkwStoTW7bAVTjdfWUnPl27vaflHO2oeecz+bNGFQ==",
      "dependencies": {
        "arc-is": "^2.0.0"
      }
    },
    "node_modules/arc-events": {
      "version": "3.0.0",
      "resolved": "https://registry.npmjs.org/arc-events/-/arc-events-3.0.0.tgz",
      "integrity": "sha512-mbgYdr7NBXVCmJNJn/Wnwrmi91yXYNc3/mctSlfBZcVPPM1VH2O5jTrHTC89MkHFCuE7Z0lNKvMWPRaHNu+y8A==",
      "dependencies": {
        "arc-array": "^5.0.0",
        "arc-is": "^2.0.0",
        "arc-object": "^4.0.0"
      }
    },
    "node_modules/arc-hash": {
      "version": "3.0.0",
      "resolved": "https://registry.npmjs.org/arc-hash/-/arc-hash-3.0.0.tgz",
      "integrity": "sha512-u9ltco46QKm7lyL47IeCMc0S8WSBrFHYQVBngH54KidmzKG4kxxK31/9PpddR40IXTqd2PNmmuMBgfNAOAZFDw==",
      "dependencies": {
        "arc-is": "^2.0.0"
      }
    },
    "node_modules/arc-is": {
      "version": "2.0.0",
      "resolved": "https://registry.npmjs.org/arc-is/-/arc-is-2.0.0.tgz",
      "integrity": "sha512-L9NF0fTY+x5l/4VAXoGJQAJ+cXR4dRrEOedt6cwzr8U9BK+J0TCQ35DRsjAMkQ8AM9USTLTQvkcyEtS8I0XTMA=="
    },
    "node_modules/arc-object": {
      "version": "4.0.0",
      "resolved": "https://registry.npmjs.org/arc-object/-/arc-object-4.0.0.tgz",
      "integrity": "sha512-+1/VI+uChI57Pz4wUH8G88AggMc7SjfbyZA3Vjm5ueirePlBPbu+Jh48Yfd4SJRsZLptM+7NBS/Wo2iecDbv3g==",
      "dependencies": {
        "arc-array": "^5.0.0",
        "arc-is": "^2.0.0",
        "deepcopy": "^2.1.0"
      }
    },
    "node_modules/arc-reg-exp": {
      "version": "2.0.0",
      "resolved": "https://registry.npmjs.org/arc-reg-exp/-/arc-reg-exp-2.0.0.tgz",
      "integrity": "sha512-epZKLl9Rq6f86JRXv7T4Xy/t41d5bbCzygfLp2xLQRppDHCKXRflZoi/h3vJ36WilibE41IVm5GPnBixnCyLkg==",
      "dependencies": {
        "arc-is": "^2.0.0"
      }
    },
    "node_modules/arc-router": {
      "version": "3.0.0",
      "resolved": "https://registry.npmjs.org/arc-router/-/arc-router-3.0.0.tgz",
      "integrity": "sha512-dIxUXRy/loPnCzsvFaoqgzIGuMynNiLebXyIaN6zUJJJeqBsneQt7IGkV4wQtiR49RdqK3hoUoTvQsDGwqsiqQ==",
      "dependencies": {
        "arc-is": "^2.0.0",
        "arc-object": "^4.0.0",
        "arc-reg-exp": "^2.0.0"
      }
    },
    "node_modules/arc-scheduler": {
      "version": "2.0.0",
      "resolved": "https://registry.npmjs.org/arc-scheduler/-/arc-scheduler-2.0.0.tgz",
      "integrity": "sha512-OMKJFTxFftSFDPYSxEyj6Gxwwa8Qk2K5I4E+3azP05n6z+gHnhsB5LxNx+A2mZKCcPDKB7KeFlLUwSkVj9z9Fw==",
      "dependencies": {
        "arc-date": "^3.0.0",
        "arc-events": "^3.0.0"
      }
    },
    "node_modules/deepcopy": {
      "version": "2.1.0",
      "resolved": "https://registry.npmjs.org/deepcopy/-/deepcopy-2.1.0.tgz",
      "integrity": "sha512-8cZeTb1ZKC3bdSCP6XOM1IsTczIO73fdqtwa2B0N15eAz7gmyhQo+mc5gnFuulsgN3vIQYmTgbmQVKalH1dKvQ==",
      "dependencies": {
        "type-detect": "^4.0.8"
      }
    },
    "node_modules/type-detect": {
      "version": "4.0.8",
      "resolved": "https://registry.npmjs.org/type-detect/-/type-detect-4.0.8.tgz",
      "integrity": "sha512-0fr/mIH1dlO+x7TlcMy+bIDqKPsw/70tVyeHW787goQjhmqaZe10uwLujubK9q9Lg6Fiho1KUKDYz0Z7k7g5/g==",
      "engines": {
        "node": ">=4"
      }
    }
  },
  "dependencies": {
    "arc-array": {
      "version": "5.0.0",
      "resolved": "https://registry.npmjs.org/arc-array/-/arc-array-5.0.0.tgz",
      "integrity": "sha512-6ziTGEM7JHAk5M+JKgudyN1Yq+aNta2JtWMfIv9Yd1ER9hyrpNKBLs3M4XGWnADif3iJ2nH+HnPHXKt61Ty4iQ==",
      "requires": {
        "arc-is": "^2.0.0"
      }
    },
    "arc-check": {
      "version": "2.0.0",
      "resolved": "https://registry.npmjs.org/arc-check/-/arc-check-2.0.0.tgz",
      "integrity": "sha512-GrNLA1b/mhxN/KIDF0praSgSeA/W+K3HHXMWkRdtMcfm0TQBPy6adDn7eClY9Jl9yG7KFcfgj0dmBik4wGeURA==",
      "requires": {
        "arc-is": "^2.0.0"
      }
    },
    "arc-date": {
      "version": "3.0.0",
      "resolved": "https://registry.npmjs.org/arc-date/-/arc-date-3.0.0.tgz",
      "integrity": "sha512-aMTcZ0PPuFhF03bfa6BDsHB9xHnXDCd7Khgs8aJ5bbimGRkwStoTW7bAVTjdfWUnPl27vaflHO2oeecz+bNGFQ==",
      "requires": {
        "arc-is": "^2.0.0"
      }
    },
    "arc-events": {
      "version": "3.0.0",
      "resolved": "https://registry.npmjs.org/arc-events/-/arc-events-3.0.0.tgz",
      "integrity": "sha512-mbgYdr7NBXVCmJNJn/Wnwrmi91yXYNc3/mctSlfBZcVPPM1VH2O5jTrHTC89MkHFCuE7Z0lNKvMWPRaHNu+y8A==",
      "requires": {
        "arc-array": "^5.0.0",
        "arc-is": "^2.0.0",
        "arc-object": "^4.0.0"
      }
    },
    "arc-hash": {
      "version": "3.0.0",
      "resolved": "https://registry.npmjs.org/arc-hash/-/arc-hash-3.0.0.tgz",
      "integrity": "sha512-u9ltco46QKm7lyL47IeCMc0S8WSBrFHYQVBngH54KidmzKG4kxxK31/9PpddR40IXTqd2PNmmuMBgfNAOAZFDw==",
      "requires": {
        "arc-is": "^2.0.0"
      }
    },
    "arc-is": {
      "version": "2.0.0",
      "resolved": "https://registry.npmjs.org/arc-is/-/arc-is-2.0.0.tgz",
      "integrity": "sha512-L9NF0fTY+x5l/4VAXoGJQAJ+cXR4dRrEOedt6cwzr8U9BK+J0TCQ35DRsjAMkQ8AM9USTLTQvkcyEtS8I0XTMA=="
    },
    "arc-object": {
      "version": "4.0.0",
      "resolved": "https://registry.npmjs.org/arc-object/-/arc-object-4.0.0.tgz",
      "integrity": "sha512-+1/VI+uChI57Pz4wUH8G88AggMc7SjfbyZA3Vjm5ueirePlBPbu+Jh48Yfd4SJRsZLptM+7NBS/Wo2iecDbv3g==",
      "requires": {
        "arc-array": "^5.0.0",
        "arc-is": "^2.0.0",
        "deepcopy": "^2.1.0"
      }
    },
    "arc-reg-exp": {
      "version": "2.0.0",
      "resolved": "https://registry.npmjs.org/arc-reg-exp/-/arc-reg-exp-2.0.0.tgz",
      "integrity": "sha512-epZKLl9Rq6f86JRXv7T4Xy/t41d5bbCzygfLp2xLQRppDHCKXRflZoi/h3vJ36WilibE41IVm5GPnBixnCyLkg==",
      "requires": {
        "arc-is": "^2.0.0"
      }
    },
    "arc-router": {
      "version": "3.0.0",
      "resolved": "https://registry.npmjs.org/arc-router/-/arc-router-3.0.0.tgz",
      "integrity": "sha512-dIxUXRy/loPnCzsvFaoqgzIGuMynNiLebXyIaN6zUJJJeqBsneQt7IGkV4wQtiR49RdqK3hoUoTvQsDGwqsiqQ==",
      "requires": {
        "arc-is": "^2.0.0",
        "arc-object": "^4.0.0",
        "arc-reg-exp": "^2.0.0"
      }
    },
    "arc-scheduler": {
      "version": "2.0.0",
      "resolved": "https://registry.npmjs.org/arc-scheduler/-/arc-scheduler-2.0.0.tgz",
      "integrity": "sha512-OMKJFTxFftSFDPYSxEyj6Gxwwa8Qk2K5I4E+3azP05n6z+gHnhsB5LxNx+A2mZKCcPDKB7KeFlLUwSkVj9z9Fw==",
      "requires": {
        "arc-date": "^3.0.0",
        "arc-events": "^3.0.0"
      }
    },
    "deepcopy": {
      "version": "2.1.0",
      "resolved": "https://registry.npmjs.org/deepcopy/-/deepcopy-2.1.0.tgz",
      "integrity": "sha512-8cZeTb1ZKC3bdSCP6XOM1IsTczIO73fdqtwa2B0N15eAz7gmyhQo+mc5gnFuulsgN3vIQYmTgbmQVKalH1dKvQ==",
      "requires": {
        "type-detect": "^4.0.8"
      }
    },
    "type-detect": {
      "version": "4.0.8",
      "resolved": "https://registry.npmjs.org/type-detect/-/type-detect-4.0.8.tgz",
      "integrity": "sha512-0fr/mIH1dlO+x7TlcMy+bIDqKPsw/70tVyeHW787goQjhmqaZe10uwLujubK9q9Lg6Fiho1KUKDYz0Z7k7g5/g=="
    }
  }
}
