{
  "name": "arc-lib",
  "version": "6.0.0",
  "lockfileVersion": 2,
  "requires": true,
  "packages": {
    "": {
      "version": "6.0.0",
      "license": "ISC",
      "dependencies": {
        "arc-array": "4.3.0",
        "arc-check": "1.2.0",
        "arc-date": "2.1.3",
        "arc-events": "2.0.1",
        "arc-hash": "2.0.0",
        "arc-is": "1.0.6",
        "arc-object": "3.1.0",
        "arc-reg-exp": "1.0.0",
        "arc-router": "1.2.0",
        "arc-scheduler": "^1.0.0"
      }
    },
    "node_modules/arc-array": {
      "version": "4.3.0",
      "resolved": "https://registry.npmjs.org/arc-array/-/arc-array-4.3.0.tgz",
      "integrity": "sha512-Yn1trK701hPt7dlJxLq1az7SoCorSetaGIQwrPuedOE4BrCwFR5FWCvzJT6X+qQ22mUeYfZxOqzRLWAgwodehA==",
      "dependencies": {
        "arc-is": "1.0.5"
      }
    },
    "node_modules/arc-array/node_modules/arc-is": {
      "version": "1.0.5",
      "resolved": "https://registry.npmjs.org/arc-is/-/arc-is-1.0.5.tgz",
      "integrity": "sha1-KTmXluakRmSMivrzsXQrZtG+iAU="
    },
    "node_modules/arc-check": {
      "version": "1.2.0",
      "resolved": "https://registry.npmjs.org/arc-check/-/arc-check-1.2.0.tgz",
      "integrity": "sha1-7r3lrc/0C5L2zZD3GV+yJiwQJN8=",
      "dependencies": {
        "arc-is": "1.0.5"
      }
    },
    "node_modules/arc-check/node_modules/arc-is": {
      "version": "1.0.5",
      "resolved": "https://registry.npmjs.org/arc-is/-/arc-is-1.0.5.tgz",
      "integrity": "sha1-KTmXluakRmSMivrzsXQrZtG+iAU="
    },
    "node_modules/arc-date": {
      "version": "2.1.3",
      "resolved": "https://registry.npmjs.org/arc-date/-/arc-date-2.1.3.tgz",
      "integrity": "sha512-D+bCkn3ZY+LqC58OxOcoAVHCVKk9wWxfR1pJ57qq7fsGCzp4K9xh0xVLODbSF+VDwGPlj25MXge0UkH5aXI/vw==",
      "dependencies": {
        "arc-is": "^1.0.5"
      }
    },
    "node_modules/arc-events": {
      "version": "2.0.1",
      "resolved": "https://registry.npmjs.org/arc-events/-/arc-events-2.0.1.tgz",
      "integrity": "sha512-MMY+6X4S5MV1mmPa4Mc9qvYrnxGLPOHo3PVeegN6ALP9XoNb4ZfXt09pkG6uTOPQG0YE32srWn9ySKspKutLkQ==",
      "dependencies": {
        "arc-array": "^4.2.0",
        "arc-is": "^1.0.6",
        "arc-object": "^3.1.0"
      }
    },
    "node_modules/arc-hash": {
      "version": "2.0.0",
      "resolved": "https://registry.npmjs.org/arc-hash/-/arc-hash-2.0.0.tgz",
      "integrity": "sha512-0SIpcqQWC2Aui3XPz5+ef9Ktx8DAGjyV58EhFTaWv0/HFYTEzVkuIkBAugDKOp7CW2yV5fZJtdHmtfA+nlQpMw==",
      "dependencies": {
        "arc-is": "^1.0.6"
      }
    },
    "node_modules/arc-is": {
      "version": "1.0.6",
      "resolved": "https://registry.npmjs.org/arc-is/-/arc-is-1.0.6.tgz",
      "integrity": "sha512-MGR+MLdpIDCQYn+rMTk6wDdFADSZ8bbERj8wgH6o1vZP/yutC8XRxhp+QVZcSB0jrcCsV8VVR+MJRhVPCqd+ow=="
    },
    "node_modules/arc-object": {
      "version": "3.1.0",
      "resolved": "https://registry.npmjs.org/arc-object/-/arc-object-3.1.0.tgz",
      "integrity": "sha512-D+T8kOkhV7LcTvzm/BM27XqAN0ZfX3XSdXUKzYn0M/GgQzFrfAjgfYGI0y8mPDbUe2PpfLEAFraj3RMIWMnVxQ==",
      "dependencies": {
        "arc-array": "4.0.1",
        "arc-check": "1.2.0",
        "arc-is": "1.0.5",
        "deepcopy": "^0.6.3"
      }
    },
    "node_modules/arc-object/node_modules/arc-array": {
      "version": "4.0.1",
      "resolved": "https://registry.npmjs.org/arc-array/-/arc-array-4.0.1.tgz",
      "integrity": "sha1-w2e/UvWg5dU2A9s6qqHka1dz6Lc=",
      "dependencies": {
        "arc-is": "1.0.5"
      }
    },
    "node_modules/arc-object/node_modules/arc-is": {
      "version": "1.0.5",
      "resolved": "https://registry.npmjs.org/arc-is/-/arc-is-1.0.5.tgz",
      "integrity": "sha1-KTmXluakRmSMivrzsXQrZtG+iAU="
    },
    "node_modules/arc-reg-exp": {
      "version": "1.0.0",
      "resolved": "https://registry.npmjs.org/arc-reg-exp/-/arc-reg-exp-1.0.0.tgz",
      "integrity": "sha1-8lDGusV0vsHt6iRSfbTnIAC176A=",
      "dependencies": {
        "arc-is": "^1.0.5"
      }
    },
    "node_modules/arc-router": {
      "version": "1.2.0",
      "resolved": "https://registry.npmjs.org/arc-router/-/arc-router-1.2.0.tgz",
      "integrity": "sha512-E+Cl1xmR1yYcqYiYZS2TYAlF9ncu6gx6EpGsJRSfPbrZw0l1x2yaT35QyVpaHFF8p49S57Cn2suYkoM02nJ7DA==",
      "dependencies": {
        "arc-is": "^1.0.5",
        "arc-object": "^2.0.0",
        "arc-reg-exp": "^1.0.0"
      }
    },
    "node_modules/arc-router/node_modules/arc-array": {
      "version": "4.0.1",
      "resolved": "https://registry.npmjs.org/arc-array/-/arc-array-4.0.1.tgz",
      "integrity": "sha1-w2e/UvWg5dU2A9s6qqHka1dz6Lc=",
      "dependencies": {
        "arc-is": "1.0.5"
      }
    },
    "node_modules/arc-router/node_modules/arc-is": {
      "version": "1.0.5",
      "resolved": "https://registry.npmjs.org/arc-is/-/arc-is-1.0.5.tgz",
      "integrity": "sha1-KTmXluakRmSMivrzsXQrZtG+iAU="
    },
    "node_modules/arc-router/node_modules/arc-object": {
      "version": "2.1.0",
      "resolved": "https://registry.npmjs.org/arc-object/-/arc-object-2.1.0.tgz",
      "integrity": "sha1-JqpxJHkFWFkWST0bcPtSl2kosjo=",
      "dependencies": {
        "arc-array": "4.0.1",
        "arc-check": "1.2.0",
        "arc-is": "1.0.5",
        "deepcopy": "^0.6.3"
      }
    },
    "node_modules/arc-scheduler": {
      "version": "1.0.0",
      "resolved": "https://registry.npmjs.org/arc-scheduler/-/arc-scheduler-1.0.0.tgz",
      "integrity": "sha512-vDnLTZojcmeKNjPrN7X6nbzf8wVMx7UuuMP3mIV7du9DxwGLuaWJ5cckufSXx4PglznCL1rEKaTRw/bTD9VVOA==",
      "dependencies": {
        "arc-date": "^2.1.3",
        "arc-events": "^2.0.1"
      }
    },
    "node_modules/deepcopy": {
      "version": "0.6.3",
      "resolved": "https://registry.npmjs.org/deepcopy/-/deepcopy-0.6.3.tgz",
      "integrity": "sha1-Y0eA8vhlardxr4+oQx7RzO5Vx7A="
    }
  },
  "dependencies": {
    "arc-array": {
      "version": "4.3.0",
      "resolved": "https://registry.npmjs.org/arc-array/-/arc-array-4.3.0.tgz",
      "integrity": "sha512-Yn1trK701hPt7dlJxLq1az7SoCorSetaGIQwrPuedOE4BrCwFR5FWCvzJT6X+qQ22mUeYfZxOqzRLWAgwodehA==",
      "requires": {
        "arc-is": "1.0.5"
      },
      "dependencies": {
        "arc-is": {
          "version": "1.0.5",
          "resolved": "https://registry.npmjs.org/arc-is/-/arc-is-1.0.5.tgz",
          "integrity": "sha1-KTmXluakRmSMivrzsXQrZtG+iAU="
        }
      }
    },
    "arc-check": {
      "version": "1.2.0",
      "resolved": "https://registry.npmjs.org/arc-check/-/arc-check-1.2.0.tgz",
      "integrity": "sha1-7r3lrc/0C5L2zZD3GV+yJiwQJN8=",
      "requires": {
        "arc-is": "1.0.5"
      },
      "dependencies": {
        "arc-is": {
          "version": "1.0.5",
          "resolved": "https://registry.npmjs.org/arc-is/-/arc-is-1.0.5.tgz",
          "integrity": "sha1-KTmXluakRmSMivrzsXQrZtG+iAU="
        }
      }
    },
    "arc-date": {
      "version": "2.1.3",
      "resolved": "https://registry.npmjs.org/arc-date/-/arc-date-2.1.3.tgz",
      "integrity": "sha512-D+bCkn3ZY+LqC58OxOcoAVHCVKk9wWxfR1pJ57qq7fsGCzp4K9xh0xVLODbSF+VDwGPlj25MXge0UkH5aXI/vw==",
      "requires": {
        "arc-is": "^1.0.5"
      }
    },
    "arc-events": {
      "version": "2.0.1",
      "resolved": "https://registry.npmjs.org/arc-events/-/arc-events-2.0.1.tgz",
      "integrity": "sha512-MMY+6X4S5MV1mmPa4Mc9qvYrnxGLPOHo3PVeegN6ALP9XoNb4ZfXt09pkG6uTOPQG0YE32srWn9ySKspKutLkQ==",
      "requires": {
        "arc-array": "^4.2.0",
        "arc-is": "^1.0.6",
        "arc-object": "^3.1.0"
      }
    },
    "arc-hash": {
      "version": "2.0.0",
      "resolved": "https://registry.npmjs.org/arc-hash/-/arc-hash-2.0.0.tgz",
      "integrity": "sha512-0SIpcqQWC2Aui3XPz5+ef9Ktx8DAGjyV58EhFTaWv0/HFYTEzVkuIkBAugDKOp7CW2yV5fZJtdHmtfA+nlQpMw==",
      "requires": {
        "arc-is": "^1.0.6"
      }
    },
    "arc-is": {
      "version": "1.0.6",
      "resolved": "https://registry.npmjs.org/arc-is/-/arc-is-1.0.6.tgz",
      "integrity": "sha512-MGR+MLdpIDCQYn+rMTk6wDdFADSZ8bbERj8wgH6o1vZP/yutC8XRxhp+QVZcSB0jrcCsV8VVR+MJRhVPCqd+ow=="
    },
    "arc-object": {
      "version": "3.1.0",
      "resolved": "https://registry.npmjs.org/arc-object/-/arc-object-3.1.0.tgz",
      "integrity": "sha512-D+T8kOkhV7LcTvzm/BM27XqAN0ZfX3XSdXUKzYn0M/GgQzFrfAjgfYGI0y8mPDbUe2PpfLEAFraj3RMIWMnVxQ==",
      "requires": {
        "arc-array": "4.0.1",
        "arc-check": "1.2.0",
        "arc-is": "1.0.5",
        "deepcopy": "^0.6.3"
      },
      "dependencies": {
        "arc-array": {
          "version": "4.0.1",
          "resolved": "https://registry.npmjs.org/arc-array/-/arc-array-4.0.1.tgz",
          "integrity": "sha1-w2e/UvWg5dU2A9s6qqHka1dz6Lc=",
          "requires": {
            "arc-is": "1.0.5"
          }
        },
        "arc-is": {
          "version": "1.0.5",
          "resolved": "https://registry.npmjs.org/arc-is/-/arc-is-1.0.5.tgz",
          "integrity": "sha1-KTmXluakRmSMivrzsXQrZtG+iAU="
        }
      }
    },
    "arc-reg-exp": {
      "version": "1.0.0",
      "resolved": "https://registry.npmjs.org/arc-reg-exp/-/arc-reg-exp-1.0.0.tgz",
      "integrity": "sha1-8lDGusV0vsHt6iRSfbTnIAC176A=",
      "requires": {
        "arc-is": "^1.0.5"
      }
    },
    "arc-router": {
      "version": "1.2.0",
      "resolved": "https://registry.npmjs.org/arc-router/-/arc-router-1.2.0.tgz",
      "integrity": "sha512-E+Cl1xmR1yYcqYiYZS2TYAlF9ncu6gx6EpGsJRSfPbrZw0l1x2yaT35QyVpaHFF8p49S57Cn2suYkoM02nJ7DA==",
      "requires": {
        "arc-is": "^1.0.5",
        "arc-object": "^2.0.0",
        "arc-reg-exp": "^1.0.0"
      },
      "dependencies": {
        "arc-array": {
          "version": "4.0.1",
          "resolved": "https://registry.npmjs.org/arc-array/-/arc-array-4.0.1.tgz",
          "integrity": "sha1-w2e/UvWg5dU2A9s6qqHka1dz6Lc=",
          "requires": {
            "arc-is": "1.0.5"
          }
        },
        "arc-is": {
          "version": "1.0.5",
          "resolved": "https://registry.npmjs.org/arc-is/-/arc-is-1.0.5.tgz",
          "integrity": "sha1-KTmXluakRmSMivrzsXQrZtG+iAU="
        },
        "arc-object": {
          "version": "2.1.0",
          "resolved": "https://registry.npmjs.org/arc-object/-/arc-object-2.1.0.tgz",
          "integrity": "sha1-JqpxJHkFWFkWST0bcPtSl2kosjo=",
          "requires": {
            "arc-array": "4.0.1",
            "arc-check": "1.2.0",
            "arc-is": "1.0.5",
            "deepcopy": "^0.6.3"
          }
        }
      }
    },
    "arc-scheduler": {
      "version": "1.0.0",
      "resolved": "https://registry.npmjs.org/arc-scheduler/-/arc-scheduler-1.0.0.tgz",
      "integrity": "sha512-vDnLTZojcmeKNjPrN7X6nbzf8wVMx7UuuMP3mIV7du9DxwGLuaWJ5cckufSXx4PglznCL1rEKaTRw/bTD9VVOA==",
      "requires": {
        "arc-date": "^2.1.3",
        "arc-events": "^2.0.1"
      }
    },
    "deepcopy": {
      "version": "0.6.3",
      "resolved": "https://registry.npmjs.org/deepcopy/-/deepcopy-0.6.3.tgz",
      "integrity": "sha1-Y0eA8vhlardxr4+oQx7RzO5Vx7A="
    }
  }
}
