# THIS IS AN AUTOGENERATED FILE. DO NOT EDIT THIS FILE DIRECTLY.
# yarn lockfile v1


arc-array@4.0.1, arc-array@^4.0.1:
  version "4.0.1"
  resolved "https://registry.yarnpkg.com/arc-array/-/arc-array-4.0.1.tgz#c367bf52f5a0e5d53603db3aaaa1e46b5773e8b7"
  dependencies:
    arc-is "1.0.5"

arc-check@1.2.0:
  version "1.2.0"
  resolved "https://registry.yarnpkg.com/arc-check/-/arc-check-1.2.0.tgz#eebde5adcff40b92f6cd90f7195fb2262c1024df"
  dependencies:
    arc-is "1.0.5"

arc-date@1.0.0:
  version "1.0.0"
  resolved "https://registry.yarnpkg.com/arc-date/-/arc-date-1.0.0.tgz#0f3399dc7eaa5350bfc61bbadcc904a8e3269472"
  dependencies:
    arc-is "^1.0.5"

arc-events@2.0.0:
  version "2.0.0"
  resolved "https://registry.yarnpkg.com/arc-events/-/arc-events-2.0.0.tgz#728b4db4119a960af54617a4ee9be75ac5b3e24d"
  dependencies:
    arc-array "^4.0.1"
    arc-is "^1.0.5"
    arc-object "^2.0.0"

arc-hash@1.0.1:
  version "1.0.1"
  resolved "https://registry.yarnpkg.com/arc-hash/-/arc-hash-1.0.1.tgz#a70313a1f9c8687d9e539f7e005909b91c195dbf"
  dependencies:
    arc-is "^1.0.5"

arc-is@1.0.5, arc-is@^1.0.5:
  version "1.0.5"
  resolved "https://registry.yarnpkg.com/arc-is/-/arc-is-1.0.5.tgz#29399796e6a446648c8afaf3b1742b66d1be8805"

arc-object@2.1.0, arc-object@^2.0.0:
  version "2.1.0"
  resolved "https://registry.yarnpkg.com/arc-object/-/arc-object-2.1.0.tgz#26aa71247905585916493d1b70fb52976928b23a"
  dependencies:
    arc-array "4.0.1"
    arc-check "1.2.0"
    arc-is "1.0.5"
    deepcopy "^0.6.3"

arc-reg-exp@1.0.0, arc-reg-exp@^1.0.0:
  version "1.0.0"
  resolved "https://registry.yarnpkg.com/arc-reg-exp/-/arc-reg-exp-1.0.0.tgz#f250c6bac574bec1edea24527db4e72000b5efa0"
  dependencies:
    arc-is "^1.0.5"

arc-router@1.1.1:
  version "1.1.1"
  resolved "https://registry.yarnpkg.com/arc-router/-/arc-router-1.1.1.tgz#47de6393ac69cb494f7cb663391ddcf96e700eb8"
  dependencies:
    arc-is "^1.0.5"
    arc-object "^2.0.0"
    arc-reg-exp "^1.0.0"

deepcopy@^0.6.3:
  version "0.6.3"
  resolved "https://registry.yarnpkg.com/deepcopy/-/deepcopy-0.6.3.tgz#634780f2f8656ab771af8fa8431ed1ccee55c7b0"
